
Microsoft Visual Studio Solution File, Format Version 12.00
# Visual Studio Version 16
VisualStudioVersion = 16.0.29102.190
MinimumVisualStudioVersion = 10.0.40219.1
Project("{8BC9CEB8-8B4A-11D0-8D11-00A0C91BC942}") = "miss", "miss\miss.vcxproj", "{B71C4E7F-0D92-4E19-BBD2-D33F0EF879B1}"
EndProject
Project("{8BC9CEB8-8B4A-11D0-8D11-00A0C91BC942}") = "mist", "mist\mist.vcxproj", "{8F78D8D2-A837-489C-BAC5-81494C9CEF7A}"
EndProject
Project("{930C7802-8A8C-48F9-8165-68863BCCD9DD}") = "mish", "mish\mish.wixproj", "{F0DEE5F3-4B62-47A3-B00B-61C614C924FD}"
EndProject
Project("{930C7802-8A8C-48F9-8165-68863BCCD9DD}") = "mish-setup", "mish-setup\mish-setup.wixproj", "{A2CE5056-1114-44B9-B79B-952EF46D3D50}"
EndProject
Project("{8BC9CEB8-8B4A-11D0-8D11-00A0C91BC942}") = "GSv6Fwd", "GS-IPv6-Forwarder\GSv6Fwd\GSv6Fwd.vcxproj", "{87DEAE49-7638-4CDB-88EB-054B1F3CB0D2}"
EndProject
Project("{930C7802-8A8C-48F9-8165-68863BCCD9DD}") = "GSv6FwdSetup", "GS-IPv6-Forwarder\GSv6FwdSetup\GSv6FwdSetup.wixproj", "{F8171B99-F5F9-4ABF-9FE5-6753539611AF}"
EndProject
Global
	GlobalSection(SolutionConfigurationPlatforms) = preSolution
		Debug|x64 = Debug|x64
		Debug|x86 = Debug|x86
		Release|x64 = Release|x64
		Release|x86 = Release|x86
	EndGlobalSection
	GlobalSection(ProjectConfigurationPlatforms) = postSolution
		{B71C4E7F-0D92-4E19-BBD2-D33F0EF879B1}.Debug|x64.ActiveCfg = Debug|x64
		{B71C4E7F-0D92-4E19-BBD2-D33F0EF879B1}.Debug|x64.Build.0 = Debug|x64
		{B71C4E7F-0D92-4E19-BBD2-D33F0EF879B1}.Debug|x86.ActiveCfg = Debug|Win32
		{B71C4E7F-0D92-4E19-BBD2-D33F0EF879B1}.Debug|x86.Build.0 = Debug|Win32
		{B71C4E7F-0D92-4E19-BBD2-D33F0EF879B1}.Release|x64.ActiveCfg = Release|x64
		{B71C4E7F-0D92-4E19-BBD2-D33F0EF879B1}.Release|x64.Build.0 = Release|x64
		{B71C4E7F-0D92-4E19-BBD2-D33F0EF879B1}.Release|x86.ActiveCfg = Release|Win32
		{B71C4E7F-0D92-4E19-BBD2-D33F0EF879B1}.Release|x86.Build.0 = Release|Win32
		{8F78D8D2-A837-489C-BAC5-81494C9CEF7A}.Debug|x64.ActiveCfg = Debug|x64
		{8F78D8D2-A837-489C-BAC5-81494C9CEF7A}.Debug|x64.Build.0 = Debug|x64
		{8F78D8D2-A837-489C-BAC5-81494C9CEF7A}.Debug|x86.ActiveCfg = Debug|Win32
		{8F78D8D2-A837-489C-BAC5-81494C9CEF7A}.Debug|x86.Build.0 = Debug|Win32
		{8F78D8D2-A837-489C-BAC5-81494C9CEF7A}.Release|x64.ActiveCfg = Release|x64
		{8F78D8D2-A837-489C-BAC5-81494C9CEF7A}.Release|x64.Build.0 = Release|x64
		{8F78D8D2-A837-489C-BAC5-81494C9CEF7A}.Release|x86.ActiveCfg = Release|Win32
		{8F78D8D2-A837-489C-BAC5-81494C9CEF7A}.Release|x86.Build.0 = Release|Win32
		{F0DEE5F3-4B62-47A3-B00B-61C614C924FD}.Debug|x64.ActiveCfg = Debug|x86
		{F0DEE5F3-4B62-47A3-B00B-61C614C924FD}.Debug|x86.ActiveCfg = Debug|x86
		{F0DEE5F3-4B62-47A3-B00B-61C614C924FD}.Debug|x86.Build.0 = Debug|x86
		{F0DEE5F3-4B62-47A3-B00B-61C614C924FD}.Release|x64.ActiveCfg = Release|x86
		{F0DEE5F3-4B62-47A3-B00B-61C614C924FD}.Release|x86.ActiveCfg = Release|x86
		{F0DEE5F3-4B62-47A3-B00B-61C614C924FD}.Release|x86.Build.0 = Release|x86
		{A2CE5056-1114-44B9-B79B-952EF46D3D50}.Debug|x64.ActiveCfg = Debug|x86
		{A2CE5056-1114-44B9-B79B-952EF46D3D50}.Debug|x86.ActiveCfg = Debug|x86
		{A2CE5056-1114-44B9-B79B-952EF46D3D50}.Debug|x86.Build.0 = Debug|x86
		{A2CE5056-1114-44B9-B79B-952EF46D3D50}.Release|x64.ActiveCfg = Release|x86
		{A2CE5056-1114-44B9-B79B-952EF46D3D50}.Release|x86.ActiveCfg = Release|x86
		{A2CE5056-1114-44B9-B79B-952EF46D3D50}.Release|x86.Build.0 = Release|x86
		{87DEAE49-7638-4CDB-88EB-054B1F3CB0D2}.Debug|x64.ActiveCfg = Debug|x64
		{87DEAE49-7638-4CDB-88EB-054B1F3CB0D2}.Debug|x64.Build.0 = Debug|x64
		{87DEAE49-7638-4CDB-88EB-054B1F3CB0D2}.Debug|x86.ActiveCfg = Debug|Win32
		{87DEAE49-7638-4CDB-88EB-054B1F3CB0D2}.Debug|x86.Build.0 = Debug|Win32
		{87DEAE49-7638-4CDB-88EB-054B1F3CB0D2}.Release|x64.ActiveCfg = Release|x64
		{87DEAE49-7638-4CDB-88EB-054B1F3CB0D2}.Release|x64.Build.0 = Release|x64
		{87DEAE49-7638-4CDB-88EB-054B1F3CB0D2}.Release|x86.ActiveCfg = Release|Win32
		{87DEAE49-7638-4CDB-88EB-054B1F3CB0D2}.Release|x86.Build.0 = Release|Win32
		{F8171B99-F5F9-4ABF-9FE5-6753539611AF}.Debug|x64.ActiveCfg = Debug|x86
		{F8171B99-F5F9-4ABF-9FE5-6753539611AF}.Debug|x86.ActiveCfg = Debug|x86
		{F8171B99-F5F9-4ABF-9FE5-6753539611AF}.Debug|x86.Build.0 = Debug|x86
		{F8171B99-F5F9-4ABF-9FE5-6753539611AF}.Release|x64.ActiveCfg = Release|x86
		{F8171B99-F5F9-4ABF-9FE5-6753539611AF}.Release|x86.ActiveCfg = Release|x86
		{F8171B99-F5F9-4ABF-9FE5-6753539611AF}.Release|x86.Build.0 = Release|x86
	EndGlobalSection
	GlobalSection(SolutionProperties) = preSolution
		HideSolutionNode = FALSE
	EndGlobalSection
	GlobalSection(ExtensibilityGlobals) = postSolution
		SolutionGuid = {F99E6564-0425-4E77-8927-C2B5AEBE9872}
	EndGlobalSection
EndGlobal
